
Microsoft Visual Studio Solution File, Format Version 12.00
# Visual Studio Version 16
VisualStudioVersion = 16.0.32002.261
MinimumVisualStudioVersion = 10.0.40219.1
Project("{FAE04EC0-301F-11D3-BF4B-00C04F79EFBC}") = "DB_Console1", "DB_Console1\DB_Console1.csproj", "{71A7BA39-C6E3-4E14-B945-67F29B841311}"
EndProject
Project("{FAE04EC0-301F-11D3-BF4B-00C04F79EFBC}") = "Data_Access", "Data_Access\Data_Access.csproj", "{7CC24218-46D1-4133-A559-67B97EFC582C}"
EndProject
Project("{2150E333-8FDC-42A3-9474-1A3956D46DE8}") = "Solution Items", "Solution Items", "{BDA43C63-5AE0-4B96-8E18-1AFF8CF5C083}"
	ProjectSection(SolutionItems) = preProject
		.editorconfig = .editorconfig
	EndProjectSection
EndProject
Global
	GlobalSection(SolutionConfigurationPlatforms) = preSolution
		Debug|Any CPU = Debug|Any CPU
		Release|Any CPU = Release|Any CPU
	EndGlobalSection
	GlobalSection(ProjectConfigurationPlatforms) = postSolution
		{71A7BA39-C6E3-4E14-B945-67F29B841311}.Debug|Any CPU.ActiveCfg = Debug|Any CPU
		{71A7BA39-C6E3-4E14-B945-67F29B841311}.Debug|Any CPU.Build.0 = Debug|Any CPU
		{71A7BA39-C6E3-4E14-B945-67F29B841311}.Release|Any CPU.ActiveCfg = Release|Any CPU
		{71A7BA39-C6E3-4E14-B945-67F29B841311}.Release|Any CPU.Build.0 = Release|Any CPU
		{7CC24218-46D1-4133-A559-67B97EFC582C}.Debug|Any CPU.ActiveCfg = Debug|Any CPU
		{7CC24218-46D1-4133-A559-67B97EFC582C}.Debug|Any CPU.Build.0 = Debug|Any CPU
		{7CC24218-46D1-4133-A559-67B97EFC582C}.Release|Any CPU.ActiveCfg = Release|Any CPU
		{7CC24218-46D1-4133-A559-67B97EFC582C}.Release|Any CPU.Build.0 = Release|Any CPU
	EndGlobalSection
	GlobalSection(SolutionProperties) = preSolution
		HideSolutionNode = FALSE
	EndGlobalSection
	GlobalSection(ExtensibilityGlobals) = postSolution
		SolutionGuid = {6E2CC4E0-9581-49A2-B58E-9EB657872553}
	EndGlobalSection
EndGlobal
